<?xml version="1.0" encoding="utf-8"?>
<Project ToolsVersion="4.0" xmlns="http://schemas.microsoft.com/developer/msbuild/2003">
  <ItemGroup>
    <Filter Include="Source Files">
      <UniqueIdentifier>{4FC737F1-C7A5-4376-A066-2A32D752A2FF}</UniqueIdentifier>
      <Extensions>cpp;c;cc;cxx;def;odl;idl;hpj;bat;asm;asmx</Extensions>
    </Filter>
    <Filter Include="Source Files\data">
      <UniqueIdentifier>{559d7f80-e6cc-472a-ba60-50899543de03}</UniqueIdentifier>
    </Filter>
    <Filter Include="Source Files\tools">
      <UniqueIdentifier>{0afe1840-a5f6-42c7-867a-ea80e7e626b9}</UniqueIdentifier>
    </Filter>
    <Filter Include="Source Files\tools\subsetter">
      <UniqueIdentifier>{d25597d4-1271-4b0b-9e9c-d056c4efb139}</UniqueIdentifier>
    </Filter>
    <Filter Include="Source Files\port">
      <UniqueIdentifier>{5d440284-4c38-4a13-8bd2-3ccf03ec7cc5}</UniqueIdentifier>
    </Filter>
    <Filter Include="Source Files\math">
      <UniqueIdentifier>{53f63faf-3749-4589-a56f-2724939a5787}</UniqueIdentifier>
    </Filter>
  </ItemGroup>
  <ItemGroup>
    <ClCompile Include="..\src\sfntly\font.cc">
      <Filter>Source Files</Filter>
    </ClCompile>
    <ClCompile Include="..\src\sfntly\font_data_table.cc">
      <Filter>Source Files</Filter>
    </ClCompile>
    <ClCompile Include="..\src\sfntly\font_factory.cc">
      <Filter>Source Files</Filter>
    </ClCompile>
    <ClCompile Include="..\src\sfntly\table.cc">
      <Filter>Source Files</Filter>
    </ClCompile>
    <ClCompile Include="..\src\sfntly\tag.cc">
      <Filter>Source Files</Filter>
    </ClCompile>
    <ClCompile Include="..\src\sfntly\data\font_data.cc">
      <Filter>Source Files\data</Filter>
    </ClCompile>
    <ClCompile Include="..\src\sfntly\data\font_input_stream.cc">
      <Filter>Source Files\data</Filter>
    </ClCompile>
    <ClCompile Include="..\src\sfntly\data\readable_font_data.cc">
      <Filter>Source Files\data</Filter>
    </ClCompile>
    <ClCompile Include="..\src\sfntly\data\writable_font_data.cc">
      <Filter>Source Files\data</Filter>
    </ClCompile>
    <ClCompile Include="..\src\sfntly\tools\subsetter.cc">
      <Filter>Source Files\tools\subsetter</Filter>
    </ClCompile>
    <ClCompile Include="..\src\sfntly\data\font_output_stream.cc">
      <Filter>Source Files\data</Filter>
    </ClCompile>
    <ClCompile Include="..\src\sfntly\cmap_table.cc">
      <Filter>Source Files</Filter>
    </ClCompile>
    <ClCompile Include="..\src\sfntly\glyph_table.cc">
      <Filter>Source Files</Filter>
    </ClCompile>
    <ClCompile Include="..\src\sfntly\loca_table.cc">
      <Filter>Source Files</Filter>
    </ClCompile>
    <ClCompile Include="..\src\sfntly\font_header_table.cc">
      <Filter>Source Files</Filter>
    </ClCompile>
    <ClCompile Include="..\src\sfntly\name_table.cc">
      <Filter>Source Files</Filter>
    </ClCompile>
    <ClCompile Include="..\src\sfntly\horizontal_header_table.cc">
      <Filter>Source Files</Filter>
    </ClCompile>
    <ClCompile Include="..\src\sfntly\horizontal_metrics_table.cc">
      <Filter>Source Files</Filter>
    </ClCompile>
    <ClCompile Include="..\src\sfntly\maximum_profile_table.cc">
      <Filter>Source Files</Filter>
    </ClCompile>
    <ClCompile Include="..\src\sfntly\subtable.cc">
      <Filter>Source Files</Filter>
    </ClCompile>
    <ClCompile Include="..\src\sfntly\tools\subsetter\table_subsetter_impl.cc">
      <Filter>Source Files\tools\subsetter</Filter>
    </ClCompile>
    <ClCompile Include="..\src\sfntly\tools\subsetter\glyph_table_subsetter.cc">
      <Filter>Source Files\tools\subsetter</Filter>
    </ClCompile>
    <ClCompile Include="..\src\sfntly\data\byte_array.cc">
      <Filter>Source Files\data</Filter>
    </ClCompile>
    <ClCompile Include="..\src\sfntly\data\memory_byte_array.cc">
      <Filter>Source Files\data</Filter>
    </ClCompile>
    <ClCompile Include="..\src\sfntly\data\growable_memory_byte_array.cc">
      <Filter>Source Files\data</Filter>
    </ClCompile>
    <ClCompile Include="..\src\sfntly\os2_table.cc">
      <Filter>Source Files</Filter>
    </ClCompile>
    <ClCompile Include="..\src\sfntly\port\memory_output_stream.cc">
      <Filter>Source Files\port</Filter>
    </ClCompile>
    <ClCompile Include="..\src\sfntly\port\file_input_stream.cc">
      <Filter>Source Files\port</Filter>
    </ClCompile>
  </ItemGroup>
  <ItemGroup>
    <ClInclude Include="..\src\sfntly\math\fixed1616.h">
      <Filter>Source Files\math</Filter>
    </ClInclude>
    <ClInclude Include="..\src\sfntly\math\font_math.h">
      <Filter>Source Files\math</Filter>
    </ClInclude>
    <ClInclude Include="..\src\sfntly\cmap_table.h">
      <Filter>Source Files</Filter>
    </ClInclude>
    <ClInclude Include="..\src\sfntly\tag.h">
      <Filter>Source Files</Filter>
    </ClInclude>
    <ClInclude Include="..\src\sfntly\font.h">
      <Filter>Source Files</Filter>
    </ClInclude>
    <ClInclude Include="..\src\sfntly\font_data_table.h">
      <Filter>Source Files</Filter>
    </ClInclude>
    <ClInclude Include="..\src\sfntly\font_data_table_builder_container.h">
      <Filter>Source Files</Filter>
    </ClInclude>
    <ClInclude Include="..\src\sfntly\font_factory.h">
      <Filter>Source Files</Filter>
    </ClInclude>
    <ClInclude Include="..\src\sfntly\font_header_table.h">
      <Filter>Source Files</Filter>
    </ClInclude>
    <ClInclude Include="..\src\sfntly\glyph_table.h">
      <Filter>Source Files</Filter>
    </ClInclude>
    <ClInclude Include="..\src\sfntly\horizontal_header_table.h">
      <Filter>Source Files</Filter>
    </ClInclude>
    <ClInclude Include="..\src\sfntly\horizontal_metrics_table.h">
      <Filter>Source Files</Filter>
    </ClInclude>
    <ClInclude Include="..\src\sfntly\loca_table.h">
      <Filter>Source Files</Filter>
    </ClInclude>
    <ClInclude Include="..\src\sfntly\maximum_profile_table.h">
      <Filter>Source Files</Filter>
    </ClInclude>
    <ClInclude Include="..\src\sfntly\name_table.h">
      <Filter>Source Files</Filter>
    </ClInclude>
    <ClInclude Include="..\src\sfntly\os2_table.h">
      <Filter>Source Files</Filter>
    </ClInclude>
    <ClInclude Include="..\src\sfntly\subtable.h">
      <Filter>Source Files</Filter>
    </ClInclude>
    <ClInclude Include="..\src\sfntly\table.h">
      <Filter>Source Files</Filter>
    </ClInclude>
    <ClInclude Include="..\src\sfntly\data\byte_array.h">
      <Filter>Source Files\data</Filter>
    </ClInclude>
    <ClInclude Include="..\src\sfntly\data\writable_font_data.h">
      <Filter>Source Files\data</Filter>
    </ClInclude>
    <ClInclude Include="..\src\sfntly\data\font_data.h">
      <Filter>Source Files\data</Filter>
    </ClInclude>
    <ClInclude Include="..\src\sfntly\data\font_input_stream.h">
      <Filter>Source Files\data</Filter>
    </ClInclude>
    <ClInclude Include="..\src\sfntly\data\font_output_stream.h">
      <Filter>Source Files\data</Filter>
    </ClInclude>
    <ClInclude Include="..\src\sfntly\data\growable_memory_byte_array.h">
      <Filter>Source Files\data</Filter>
    </ClInclude>
    <ClInclude Include="..\src\sfntly\data\memory_byte_array.h">
      <Filter>Source Files\data</Filter>
    </ClInclude>
    <ClInclude Include="..\src\sfntly\data\readable_font_data.h">
      <Filter>Source Files\data</Filter>
    </ClInclude>
    <ClInclude Include="..\src\sfntly\port\atomic.h">
      <Filter>Source Files\port</Filter>
    </ClInclude>
    <ClInclude Include="..\src\sfntly\port\type.h">
      <Filter>Source Files\port</Filter>
    </ClInclude>
    <ClInclude Include="..\src\sfntly\port\config.h">
      <Filter>Source Files\port</Filter>
    </ClInclude>
    <ClInclude Include="..\src\sfntly\port\endian.h">
      <Filter>Source Files\port</Filter>
    </ClInclude>
    <ClInclude Include="..\src\sfntly\port\exception_type.h">
      <Filter>Source Files\port</Filter>
    </ClInclude>
    <ClInclude Include="..\src\sfntly\port\file_input_stream.h">
      <Filter>Source Files\port</Filter>
    </ClInclude>
    <ClInclude Include="..\src\sfntly\port\input_stream.h">
      <Filter>Source Files\port</Filter>
    </ClInclude>
    <ClInclude Include="..\src\sfntly\port\memory_output_stream.h">
      <Filter>Source Files\port</Filter>
    </ClInclude>
    <ClInclude Include="..\src\sfntly\port\output_stream.h">
      <Filter>Source Files\port</Filter>
    </ClInclude>
    <ClInclude Include="..\src\sfntly\port\refcount.h">
      <Filter>Source Files\port</Filter>
    </ClInclude>
    <ClInclude Include="..\src\sfntly\tools\subsetter\glyph_table_subsetter.h">
      <Filter>Source Files\tools\subsetter</Filter>
    </ClInclude>
    <ClInclude Include="..\src\sfntly\tools\subsetter\table_subsetter_impl.h">
      <Filter>Source Files\tools\subsetter</Filter>
    </ClInclude>
    <ClInclude Include="..\src\sfntly\tools\subsetter\subsetter.h">
      <Filter>Source Files\tools\subsetter</Filter>
    </ClInclude>
    <ClInclude Include="..\src\sfntly\tools\subsetter\table_subsetter.h">
      <Filter>Source Files\tools\subsetter</Filter>
    </ClInclude>
  </ItemGroup>
  <ItemGroup>
    <None Include="..\README.txt" />
  </ItemGroup>
</Project>